
Microsoft Visual Studio Solution File, Format Version 12.00
# Visual Studio Version 16
VisualStudioVersion = 16.0.30104.148
MinimumVisualStudioVersion = 10.0.40219.1
Project("{FAE04EC0-301F-11D3-BF4B-00C04F79EFBC}") = "Soccer.Common", "Soccer.Common\Soccer.Common.csproj", "{8FD001A1-2C65-4BD1-9CC3-F26241484048}"
EndProject
Project("{FAE04EC0-301F-11D3-BF4B-00C04F79EFBC}") = "Soccer.Web", "Soccer.Web\Soccer.Web.csproj", "{CBDFFE81-A116-4D5A-8EB5-35201ABA996E}"
EndProject
Project("{FAE04EC0-301F-11D3-BF4B-00C04F79EFBC}") = "Soccer.Prism", "Soccer.Prism\Soccer.Prism\Soccer.Prism.csproj", "{56BAF717-65DA-45BF-94C2-4F411FD993EA}"
EndProject
Project("{FAE04EC0-301F-11D3-BF4B-00C04F79EFBC}") = "Soccer.Prism.Android", "Soccer.Prism\Soccer.Prism.Android\Soccer.Prism.Android.csproj", "{37E036AA-5584-4BF3-92E9-CE94FEDFFA92}"
EndProject
Project("{FAE04EC0-301F-11D3-BF4B-00C04F79EFBC}") = "Soccer.Prism.iOS", "Soccer.Prism\Soccer.Prism.iOS\Soccer.Prism.iOS.csproj", "{1E81B5E6-2840-418E-9671-1010E6D0F95D}"
EndProject
Project("{FAE04EC0-301F-11D3-BF4B-00C04F79EFBC}") = "Soccer.Android", "Soccer.Android\Soccer.Android.csproj", "{78826B9C-E85F-4F6B-A5CE-AF13B50F406D}"
EndProject
Global
	GlobalSection(SolutionConfigurationPlatforms) = preSolution
		Ad-Hoc|Any CPU = Ad-Hoc|Any CPU
		Ad-Hoc|iPhone = Ad-Hoc|iPhone
		Ad-Hoc|iPhoneSimulator = Ad-Hoc|iPhoneSimulator
		AppStore|Any CPU = AppStore|Any CPU
		AppStore|iPhone = AppStore|iPhone
		AppStore|iPhoneSimulator = AppStore|iPhoneSimulator
		Debug|Any CPU = Debug|Any CPU
		Debug|iPhone = Debug|iPhone
		Debug|iPhoneSimulator = Debug|iPhoneSimulator
		Release|Any CPU = Release|Any CPU
		Release|iPhone = Release|iPhone
		Release|iPhoneSimulator = Release|iPhoneSimulator
	EndGlobalSection
	GlobalSection(ProjectConfigurationPlatforms) = postSolution
		{8FD001A1-2C65-4BD1-9CC3-F26241484048}.Ad-Hoc|Any CPU.ActiveCfg = Debug|Any CPU
		{8FD001A1-2C65-4BD1-9CC3-F26241484048}.Ad-Hoc|Any CPU.Build.0 = Debug|Any CPU
		{8FD001A1-2C65-4BD1-9CC3-F26241484048}.Ad-Hoc|iPhone.ActiveCfg = Debug|Any CPU
		{8FD001A1-2C65-4BD1-9CC3-F26241484048}.Ad-Hoc|iPhone.Build.0 = Debug|Any CPU
		{8FD001A1-2C65-4BD1-9CC3-F26241484048}.Ad-Hoc|iPhoneSimulator.ActiveCfg = Debug|Any CPU
		{8FD001A1-2C65-4BD1-9CC3-F26241484048}.Ad-Hoc|iPhoneSimulator.Build.0 = Debug|Any CPU
		{8FD001A1-2C65-4BD1-9CC3-F26241484048}.AppStore|Any CPU.ActiveCfg = Debug|Any CPU
		{8FD001A1-2C65-4BD1-9CC3-F26241484048}.AppStore|Any CPU.Build.0 = Debug|Any CPU
		{8FD001A1-2C65-4BD1-9CC3-F26241484048}.AppStore|iPhone.ActiveCfg = Debug|Any CPU
		{8FD001A1-2C65-4BD1-9CC3-F26241484048}.AppStore|iPhone.Build.0 = Debug|Any CPU
		{8FD001A1-2C65-4BD1-9CC3-F26241484048}.AppStore|iPhoneSimulator.ActiveCfg = Debug|Any CPU
		{8FD001A1-2C65-4BD1-9CC3-F26241484048}.AppStore|iPhoneSimulator.Build.0 = Debug|Any CPU
		{8FD001A1-2C65-4BD1-9CC3-F26241484048}.Debug|Any CPU.ActiveCfg = Debug|Any CPU
		{8FD001A1-2C65-4BD1-9CC3-F26241484048}.Debug|Any CPU.Build.0 = Debug|Any CPU
		{8FD001A1-2C65-4BD1-9CC3-F26241484048}.Debug|iPhone.ActiveCfg = Debug|Any CPU
		{8FD001A1-2C65-4BD1-9CC3-F26241484048}.Debug|iPhone.Build.0 = Debug|Any CPU
		{8FD001A1-2C65-4BD1-9CC3-F26241484048}.Debug|iPhoneSimulator.ActiveCfg = Debug|Any CPU
		{8FD001A1-2C65-4BD1-9CC3-F26241484048}.Debug|iPhoneSimulator.Build.0 = Debug|Any CPU
		{8FD001A1-2C65-4BD1-9CC3-F26241484048}.Release|Any CPU.ActiveCfg = Release|Any CPU
		{8FD001A1-2C65-4BD1-9CC3-F26241484048}.Release|Any CPU.Build.0 = Release|Any CPU
		{8FD001A1-2C65-4BD1-9CC3-F26241484048}.Release|iPhone.ActiveCfg = Release|Any CPU
		{8FD001A1-2C65-4BD1-9CC3-F26241484048}.Release|iPhone.Build.0 = Release|Any CPU
		{8FD001A1-2C65-4BD1-9CC3-F26241484048}.Release|iPhoneSimulator.ActiveCfg = Release|Any CPU
		{8FD001A1-2C65-4BD1-9CC3-F26241484048}.Release|iPhoneSimulator.Build.0 = Release|Any CPU
		{CBDFFE81-A116-4D5A-8EB5-35201ABA996E}.Ad-Hoc|Any CPU.ActiveCfg = Debug|Any CPU
		{CBDFFE81-A116-4D5A-8EB5-35201ABA996E}.Ad-Hoc|Any CPU.Build.0 = Debug|Any CPU
		{CBDFFE81-A116-4D5A-8EB5-35201ABA996E}.Ad-Hoc|iPhone.ActiveCfg = Debug|Any CPU
		{CBDFFE81-A116-4D5A-8EB5-35201ABA996E}.Ad-Hoc|iPhone.Build.0 = Debug|Any CPU
		{CBDFFE81-A116-4D5A-8EB5-35201ABA996E}.Ad-Hoc|iPhoneSimulator.ActiveCfg = Debug|Any CPU
		{CBDFFE81-A116-4D5A-8EB5-35201ABA996E}.Ad-Hoc|iPhoneSimulator.Build.0 = Debug|Any CPU
		{CBDFFE81-A116-4D5A-8EB5-35201ABA996E}.AppStore|Any CPU.ActiveCfg = Debug|Any CPU
		{CBDFFE81-A116-4D5A-8EB5-35201ABA996E}.AppStore|Any CPU.Build.0 = Debug|Any CPU
		{CBDFFE81-A116-4D5A-8EB5-35201ABA996E}.AppStore|iPhone.ActiveCfg = Debug|Any CPU
		{CBDFFE81-A116-4D5A-8EB5-35201ABA996E}.AppStore|iPhone.Build.0 = Debug|Any CPU
		{CBDFFE81-A116-4D5A-8EB5-35201ABA996E}.AppStore|iPhoneSimulator.ActiveCfg = Debug|Any CPU
		{CBDFFE81-A116-4D5A-8EB5-35201ABA996E}.AppStore|iPhoneSimulator.Build.0 = Debug|Any CPU
		{CBDFFE81-A116-4D5A-8EB5-35201ABA996E}.Debug|Any CPU.ActiveCfg = Debug|Any CPU
		{CBDFFE81-A116-4D5A-8EB5-35201ABA996E}.Debug|Any CPU.Build.0 = Debug|Any CPU
		{CBDFFE81-A116-4D5A-8EB5-35201ABA996E}.Debug|iPhone.ActiveCfg = Debug|Any CPU
		{CBDFFE81-A116-4D5A-8EB5-35201ABA996E}.Debug|iPhone.Build.0 = Debug|Any CPU
		{CBDFFE81-A116-4D5A-8EB5-35201ABA996E}.Debug|iPhoneSimulator.ActiveCfg = Debug|Any CPU
		{CBDFFE81-A116-4D5A-8EB5-35201ABA996E}.Debug|iPhoneSimulator.Build.0 = Debug|Any CPU
		{CBDFFE81-A116-4D5A-8EB5-35201ABA996E}.Release|Any CPU.ActiveCfg = Release|Any CPU
		{CBDFFE81-A116-4D5A-8EB5-35201ABA996E}.Release|Any CPU.Build.0 = Release|Any CPU
		{CBDFFE81-A116-4D5A-8EB5-35201ABA996E}.Release|iPhone.ActiveCfg = Release|Any CPU
		{CBDFFE81-A116-4D5A-8EB5-35201ABA996E}.Release|iPhone.Build.0 = Release|Any CPU
		{CBDFFE81-A116-4D5A-8EB5-35201ABA996E}.Release|iPhoneSimulator.ActiveCfg = Release|Any CPU
		{CBDFFE81-A116-4D5A-8EB5-35201ABA996E}.Release|iPhoneSimulator.Build.0 = Release|Any CPU
		{56BAF717-65DA-45BF-94C2-4F411FD993EA}.Ad-Hoc|Any CPU.ActiveCfg = Debug|Any CPU
		{56BAF717-65DA-45BF-94C2-4F411FD993EA}.Ad-Hoc|Any CPU.Build.0 = Debug|Any CPU
		{56BAF717-65DA-45BF-94C2-4F411FD993EA}.Ad-Hoc|iPhone.ActiveCfg = Debug|Any CPU
		{56BAF717-65DA-45BF-94C2-4F411FD993EA}.Ad-Hoc|iPhone.Build.0 = Debug|Any CPU
		{56BAF717-65DA-45BF-94C2-4F411FD993EA}.Ad-Hoc|iPhoneSimulator.ActiveCfg = Debug|Any CPU
		{56BAF717-65DA-45BF-94C2-4F411FD993EA}.Ad-Hoc|iPhoneSimulator.Build.0 = Debug|Any CPU
		{56BAF717-65DA-45BF-94C2-4F411FD993EA}.AppStore|Any CPU.ActiveCfg = Debug|Any CPU
		{56BAF717-65DA-45BF-94C2-4F411FD993EA}.AppStore|Any CPU.Build.0 = Debug|Any CPU
		{56BAF717-65DA-45BF-94C2-4F411FD993EA}.AppStore|iPhone.ActiveCfg = Debug|Any CPU
		{56BAF717-65DA-45BF-94C2-4F411FD993EA}.AppStore|iPhone.Build.0 = Debug|Any CPU
		{56BAF717-65DA-45BF-94C2-4F411FD993EA}.AppStore|iPhoneSimulator.ActiveCfg = Debug|Any CPU
		{56BAF717-65DA-45BF-94C2-4F411FD993EA}.AppStore|iPhoneSimulator.Build.0 = Debug|Any CPU
		{56BAF717-65DA-45BF-94C2-4F411FD993EA}.Debug|Any CPU.ActiveCfg = Debug|Any CPU
		{56BAF717-65DA-45BF-94C2-4F411FD993EA}.Debug|Any CPU.Build.0 = Debug|Any CPU
		{56BAF717-65DA-45BF-94C2-4F411FD993EA}.Debug|iPhone.ActiveCfg = Debug|Any CPU
		{56BAF717-65DA-45BF-94C2-4F411FD993EA}.Debug|iPhone.Build.0 = Debug|Any CPU
		{56BAF717-65DA-45BF-94C2-4F411FD993EA}.Debug|iPhoneSimulator.ActiveCfg = Debug|Any CPU
		{56BAF717-65DA-45BF-94C2-4F411FD993EA}.Debug|iPhoneSimulator.Build.0 = Debug|Any CPU
		{56BAF717-65DA-45BF-94C2-4F411FD993EA}.Release|Any CPU.ActiveCfg = Release|Any CPU
		{56BAF717-65DA-45BF-94C2-4F411FD993EA}.Release|Any CPU.Build.0 = Release|Any CPU
		{56BAF717-65DA-45BF-94C2-4F411FD993EA}.Release|iPhone.ActiveCfg = Release|Any CPU
		{56BAF717-65DA-45BF-94C2-4F411FD993EA}.Release|iPhone.Build.0 = Release|Any CPU
		{56BAF717-65DA-45BF-94C2-4F411FD993EA}.Release|iPhoneSimulator.ActiveCfg = Release|Any CPU
		{56BAF717-65DA-45BF-94C2-4F411FD993EA}.Release|iPhoneSimulator.Build.0 = Release|Any CPU
		{37E036AA-5584-4BF3-92E9-CE94FEDFFA92}.Ad-Hoc|Any CPU.ActiveCfg = Release|Any CPU
		{37E036AA-5584-4BF3-92E9-CE94FEDFFA92}.Ad-Hoc|Any CPU.Build.0 = Release|Any CPU
		{37E036AA-5584-4BF3-92E9-CE94FEDFFA92}.Ad-Hoc|Any CPU.Deploy.0 = Release|Any CPU
		{37E036AA-5584-4BF3-92E9-CE94FEDFFA92}.Ad-Hoc|iPhone.ActiveCfg = Release|Any CPU
		{37E036AA-5584-4BF3-92E9-CE94FEDFFA92}.Ad-Hoc|iPhone.Build.0 = Release|Any CPU
		{37E036AA-5584-4BF3-92E9-CE94FEDFFA92}.Ad-Hoc|iPhone.Deploy.0 = Release|Any CPU
		{37E036AA-5584-4BF3-92E9-CE94FEDFFA92}.Ad-Hoc|iPhoneSimulator.ActiveCfg = Release|Any CPU
		{37E036AA-5584-4BF3-92E9-CE94FEDFFA92}.Ad-Hoc|iPhoneSimulator.Build.0 = Release|Any CPU
		{37E036AA-5584-4BF3-92E9-CE94FEDFFA92}.Ad-Hoc|iPhoneSimulator.Deploy.0 = Release|Any CPU
		{37E036AA-5584-4BF3-92E9-CE94FEDFFA92}.AppStore|Any CPU.ActiveCfg = Release|Any CPU
		{37E036AA-5584-4BF3-92E9-CE94FEDFFA92}.AppStore|Any CPU.Build.0 = Release|Any CPU
		{37E036AA-5584-4BF3-92E9-CE94FEDFFA92}.AppStore|Any CPU.Deploy.0 = Release|Any CPU
		{37E036AA-5584-4BF3-92E9-CE94FEDFFA92}.AppStore|iPhone.ActiveCfg = Release|Any CPU
		{37E036AA-5584-4BF3-92E9-CE94FEDFFA92}.AppStore|iPhone.Build.0 = Release|Any CPU
		{37E036AA-5584-4BF3-92E9-CE94FEDFFA92}.AppStore|iPhone.Deploy.0 = Release|Any CPU
		{37E036AA-5584-4BF3-92E9-CE94FEDFFA92}.AppStore|iPhoneSimulator.ActiveCfg = Release|Any CPU
		{37E036AA-5584-4BF3-92E9-CE94FEDFFA92}.AppStore|iPhoneSimulator.Build.0 = Release|Any CPU
		{37E036AA-5584-4BF3-92E9-CE94FEDFFA92}.AppStore|iPhoneSimulator.Deploy.0 = Release|Any CPU
		{37E036AA-5584-4BF3-92E9-CE94FEDFFA92}.Debug|Any CPU.ActiveCfg = Debug|Any CPU
		{37E036AA-5584-4BF3-92E9-CE94FEDFFA92}.Debug|Any CPU.Build.0 = Debug|Any CPU
		{37E036AA-5584-4BF3-92E9-CE94FEDFFA92}.Debug|Any CPU.Deploy.0 = Debug|Any CPU
		{37E036AA-5584-4BF3-92E9-CE94FEDFFA92}.Debug|iPhone.ActiveCfg = Debug|Any CPU
		{37E036AA-5584-4BF3-92E9-CE94FEDFFA92}.Debug|iPhone.Build.0 = Debug|Any CPU
		{37E036AA-5584-4BF3-92E9-CE94FEDFFA92}.Debug|iPhone.Deploy.0 = Debug|Any CPU
		{37E036AA-5584-4BF3-92E9-CE94FEDFFA92}.Debug|iPhoneSimulator.ActiveCfg = Debug|Any CPU
		{37E036AA-5584-4BF3-92E9-CE94FEDFFA92}.Debug|iPhoneSimulator.Build.0 = Debug|Any CPU
		{37E036AA-5584-4BF3-92E9-CE94FEDFFA92}.Debug|iPhoneSimulator.Deploy.0 = Debug|Any CPU
		{37E036AA-5584-4BF3-92E9-CE94FEDFFA92}.Release|Any CPU.ActiveCfg = Release|Any CPU
		{37E036AA-5584-4BF3-92E9-CE94FEDFFA92}.Release|Any CPU.Build.0 = Release|Any CPU
		{37E036AA-5584-4BF3-92E9-CE94FEDFFA92}.Release|Any CPU.Deploy.0 = Release|Any CPU
		{37E036AA-5584-4BF3-92E9-CE94FEDFFA92}.Release|iPhone.ActiveCfg = Release|Any CPU
		{37E036AA-5584-4BF3-92E9-CE94FEDFFA92}.Release|iPhone.Build.0 = Release|Any CPU
		{37E036AA-5584-4BF3-92E9-CE94FEDFFA92}.Release|iPhone.Deploy.0 = Release|Any CPU
		{37E036AA-5584-4BF3-92E9-CE94FEDFFA92}.Release|iPhoneSimulator.ActiveCfg = Release|Any CPU
		{37E036AA-5584-4BF3-92E9-CE94FEDFFA92}.Release|iPhoneSimulator.Build.0 = Release|Any CPU
		{37E036AA-5584-4BF3-92E9-CE94FEDFFA92}.Release|iPhoneSimulator.Deploy.0 = Release|Any CPU
		{1E81B5E6-2840-418E-9671-1010E6D0F95D}.Ad-Hoc|Any CPU.ActiveCfg = Ad-Hoc|iPhone
		{1E81B5E6-2840-418E-9671-1010E6D0F95D}.Ad-Hoc|iPhone.ActiveCfg = Ad-Hoc|iPhone
		{1E81B5E6-2840-418E-9671-1010E6D0F95D}.Ad-Hoc|iPhone.Build.0 = Ad-Hoc|iPhone
		{1E81B5E6-2840-418E-9671-1010E6D0F95D}.Ad-Hoc|iPhoneSimulator.ActiveCfg = Ad-Hoc|iPhoneSimulator
		{1E81B5E6-2840-418E-9671-1010E6D0F95D}.Ad-Hoc|iPhoneSimulator.Build.0 = Ad-Hoc|iPhoneSimulator
		{1E81B5E6-2840-418E-9671-1010E6D0F95D}.AppStore|Any CPU.ActiveCfg = AppStore|iPhone
		{1E81B5E6-2840-418E-9671-1010E6D0F95D}.AppStore|iPhone.ActiveCfg = AppStore|iPhone
		{1E81B5E6-2840-418E-9671-1010E6D0F95D}.AppStore|iPhone.Build.0 = AppStore|iPhone
		{1E81B5E6-2840-418E-9671-1010E6D0F95D}.AppStore|iPhoneSimulator.ActiveCfg = AppStore|iPhoneSimulator
		{1E81B5E6-2840-418E-9671-1010E6D0F95D}.AppStore|iPhoneSimulator.Build.0 = AppStore|iPhoneSimulator
		{1E81B5E6-2840-418E-9671-1010E6D0F95D}.Debug|Any CPU.ActiveCfg = Debug|iPhone
		{1E81B5E6-2840-418E-9671-1010E6D0F95D}.Debug|iPhone.ActiveCfg = Debug|iPhone
		{1E81B5E6-2840-418E-9671-1010E6D0F95D}.Debug|iPhone.Build.0 = Debug|iPhone
		{1E81B5E6-2840-418E-9671-1010E6D0F95D}.Debug|iPhoneSimulator.ActiveCfg = Debug|iPhoneSimulator
		{1E81B5E6-2840-418E-9671-1010E6D0F95D}.Debug|iPhoneSimulator.Build.0 = Debug|iPhoneSimulator
		{1E81B5E6-2840-418E-9671-1010E6D0F95D}.Release|Any CPU.ActiveCfg = Release|iPhone
		{1E81B5E6-2840-418E-9671-1010E6D0F95D}.Release|iPhone.ActiveCfg = Release|iPhone
		{1E81B5E6-2840-418E-9671-1010E6D0F95D}.Release|iPhone.Build.0 = Release|iPhone
		{1E81B5E6-2840-418E-9671-1010E6D0F95D}.Release|iPhoneSimulator.ActiveCfg = Release|iPhoneSimulator
		{1E81B5E6-2840-418E-9671-1010E6D0F95D}.Release|iPhoneSimulator.Build.0 = Release|iPhoneSimulator
		{78826B9C-E85F-4F6B-A5CE-AF13B50F406D}.Ad-Hoc|Any CPU.ActiveCfg = Release|Any CPU
		{78826B9C-E85F-4F6B-A5CE-AF13B50F406D}.Ad-Hoc|Any CPU.Build.0 = Release|Any CPU
		{78826B9C-E85F-4F6B-A5CE-AF13B50F406D}.Ad-Hoc|Any CPU.Deploy.0 = Release|Any CPU
		{78826B9C-E85F-4F6B-A5CE-AF13B50F406D}.Ad-Hoc|iPhone.ActiveCfg = Release|Any CPU
		{78826B9C-E85F-4F6B-A5CE-AF13B50F406D}.Ad-Hoc|iPhone.Build.0 = Release|Any CPU
		{78826B9C-E85F-4F6B-A5CE-AF13B50F406D}.Ad-Hoc|iPhone.Deploy.0 = Release|Any CPU
		{78826B9C-E85F-4F6B-A5CE-AF13B50F406D}.Ad-Hoc|iPhoneSimulator.ActiveCfg = Release|Any CPU
		{78826B9C-E85F-4F6B-A5CE-AF13B50F406D}.Ad-Hoc|iPhoneSimulator.Build.0 = Release|Any CPU
		{78826B9C-E85F-4F6B-A5CE-AF13B50F406D}.Ad-Hoc|iPhoneSimulator.Deploy.0 = Release|Any CPU
		{78826B9C-E85F-4F6B-A5CE-AF13B50F406D}.AppStore|Any CPU.ActiveCfg = Release|Any CPU
		{78826B9C-E85F-4F6B-A5CE-AF13B50F406D}.AppStore|Any CPU.Build.0 = Release|Any CPU
		{78826B9C-E85F-4F6B-A5CE-AF13B50F406D}.AppStore|Any CPU.Deploy.0 = Release|Any CPU
		{78826B9C-E85F-4F6B-A5CE-AF13B50F406D}.AppStore|iPhone.ActiveCfg = Release|Any CPU
		{78826B9C-E85F-4F6B-A5CE-AF13B50F406D}.AppStore|iPhone.Build.0 = Release|Any CPU
		{78826B9C-E85F-4F6B-A5CE-AF13B50F406D}.AppStore|iPhone.Deploy.0 = Release|Any CPU
		{78826B9C-E85F-4F6B-A5CE-AF13B50F406D}.AppStore|iPhoneSimulator.ActiveCfg = Release|Any CPU
		{78826B9C-E85F-4F6B-A5CE-AF13B50F406D}.AppStore|iPhoneSimulator.Build.0 = Release|Any CPU
		{78826B9C-E85F-4F6B-A5CE-AF13B50F406D}.AppStore|iPhoneSimulator.Deploy.0 = Release|Any CPU
		{78826B9C-E85F-4F6B-A5CE-AF13B50F406D}.Debug|Any CPU.ActiveCfg = Debug|Any CPU
		{78826B9C-E85F-4F6B-A5CE-AF13B50F406D}.Debug|Any CPU.Build.0 = Debug|Any CPU
		{78826B9C-E85F-4F6B-A5CE-AF13B50F406D}.Debug|Any CPU.Deploy.0 = Debug|Any CPU
		{78826B9C-E85F-4F6B-A5CE-AF13B50F406D}.Debug|iPhone.ActiveCfg = Debug|Any CPU
		{78826B9C-E85F-4F6B-A5CE-AF13B50F406D}.Debug|iPhone.Build.0 = Debug|Any CPU
		{78826B9C-E85F-4F6B-A5CE-AF13B50F406D}.Debug|iPhone.Deploy.0 = Debug|Any CPU
		{78826B9C-E85F-4F6B-A5CE-AF13B50F406D}.Debug|iPhoneSimulator.ActiveCfg = Debug|Any CPU
		{78826B9C-E85F-4F6B-A5CE-AF13B50F406D}.Debug|iPhoneSimulator.Build.0 = Debug|Any CPU
		{78826B9C-E85F-4F6B-A5CE-AF13B50F406D}.Debug|iPhoneSimulator.Deploy.0 = Debug|Any CPU
		{78826B9C-E85F-4F6B-A5CE-AF13B50F406D}.Release|Any CPU.ActiveCfg = Release|Any CPU
		{78826B9C-E85F-4F6B-A5CE-AF13B50F406D}.Release|Any CPU.Build.0 = Release|Any CPU
		{78826B9C-E85F-4F6B-A5CE-AF13B50F406D}.Release|Any CPU.Deploy.0 = Release|Any CPU
		{78826B9C-E85F-4F6B-A5CE-AF13B50F406D}.Release|iPhone.ActiveCfg = Release|Any CPU
		{78826B9C-E85F-4F6B-A5CE-AF13B50F406D}.Release|iPhone.Build.0 = Release|Any CPU
		{78826B9C-E85F-4F6B-A5CE-AF13B50F406D}.Release|iPhone.Deploy.0 = Release|Any CPU
		{78826B9C-E85F-4F6B-A5CE-AF13B50F406D}.Release|iPhoneSimulator.ActiveCfg = Release|Any CPU
		{78826B9C-E85F-4F6B-A5CE-AF13B50F406D}.Release|iPhoneSimulator.Build.0 = Release|Any CPU
		{78826B9C-E85F-4F6B-A5CE-AF13B50F406D}.Release|iPhoneSimulator.Deploy.0 = Release|Any CPU
	EndGlobalSection
	GlobalSection(SolutionProperties) = preSolution
		HideSolutionNode = FALSE
	EndGlobalSection
	GlobalSection(ExtensibilityGlobals) = postSolution
		SolutionGuid = {240FEB91-6AB4-40C7-B974-6802ADAF62C2}
	EndGlobalSection
EndGlobal
